<?xml version="1.0" encoding="UTF-8"?>
<CONFIG>
  <ProjectOptions>
    <Version Value="9"/>
    <PathDelim Value="\"/>
    <General>
      <Flags>
        <MainUnitHasUsesSectionForAllUnits Value="False"/>
        <MainUnitHasCreateFormStatements Value="False"/>
        <MainUnitHasTitleStatement Value="False"/>
        <LRSInOutputDirectory Value="False"/>
      </Flags>
      <SessionStorage Value="InProjectDir"/>
      <MainUnit Value="0"/>
<<<<<<< HEAD
<<<<<<< HEAD
<<<<<<< HEAD
<<<<<<< HEAD
<<<<<<< HEAD
      <Title Value="ppc386"/>
=======
=======
>>>>>>> graemeg/cpstrnew
=======
>>>>>>> graemeg/cpstrnew
=======
>>>>>>> origin/cpstrnew
=======
>>>>>>> origin/cpstrnew
      <Title Value="pp"/>
>>>>>>> graemeg/cpstrnew
    </General>
    <BuildModes Count="1">
      <Item1 Name="default" Default="True"/>
    </BuildModes>
    <PublishOptions>
      <Version Value="2"/>
      <IncludeFileFilter Value="*.(pas|pp|inc|lfm|lpr|lrs|lpi|lpk|sh|xml)"/>
      <ExcludeFileFilter Value="*.(bak|ppu|ppw|o|so);*~;backup"/>
    </PublishOptions>
    <RunParams>
      <local>
        <FormatVersion Value="1"/>
<<<<<<< HEAD
<<<<<<< HEAD
<<<<<<< HEAD
<<<<<<< HEAD
<<<<<<< HEAD
=======
        <CommandLineParams Value="-n @\home\florian\bin\fpc.cfg \home\florian\fpc\tests\test\cg\tsar1.pp"/>
        <LaunchingApplication PathPlusParams="\usr\bin\xterm -T 'Lazarus Run Output' -e $(LazarusDir)\tools\runwait.sh $(TargetCmdLine)"/>
>>>>>>> graemeg/cpstrnew
=======
        <CommandLineParams Value="-n @\home\florian\bin\fpc.cfg \home\florian\fpc\tests\test\cg\tsar1.pp"/>
        <LaunchingApplication PathPlusParams="\usr\bin\xterm -T 'Lazarus Run Output' -e $(LazarusDir)\tools\runwait.sh $(TargetCmdLine)"/>
>>>>>>> graemeg/cpstrnew
=======
        <CommandLineParams Value="-n @\home\florian\bin\fpc.cfg \home\florian\fpc\tests\test\cg\tsar1.pp"/>
        <LaunchingApplication PathPlusParams="\usr\bin\xterm -T 'Lazarus Run Output' -e $(LazarusDir)\tools\runwait.sh $(TargetCmdLine)"/>
>>>>>>> graemeg/cpstrnew
=======
        <CommandLineParams Value="-n @\home\florian\bin\fpc.cfg \home\florian\fpc\tests\test\cg\tsar1.pp"/>
        <LaunchingApplication PathPlusParams="\usr\bin\xterm -T 'Lazarus Run Output' -e $(LazarusDir)\tools\runwait.sh $(TargetCmdLine)"/>
>>>>>>> origin/cpstrnew
=======
        <CommandLineParams Value="-n @\home\florian\bin\fpc.cfg \home\florian\fpc\tests\test\cg\tsar1.pp"/>
        <LaunchingApplication PathPlusParams="\usr\bin\xterm -T 'Lazarus Run Output' -e $(LazarusDir)\tools\runwait.sh $(TargetCmdLine)"/>
>>>>>>> origin/cpstrnew
      </local>
    </RunParams>
    <Units Count="3">
      <Unit0>
        <Filename Value="pp.pas"/>
        <IsPartOfProject Value="True"/>
        <UnitName Value="pp"/>
      </Unit0>
      <Unit1>
        <Filename Value="x86\symold86.pas"/>
        <IsPartOfProject Value="True"/>
        <UnitName Value="symold86"/>
      </Unit1>
      <Unit2>
        <Filename Value="i8086\symcpu.pas"/>
        <IsPartOfProject Value="True"/>
        <UnitName Value="symcpu"/>
      </Unit2>
    </Units>
  </ProjectOptions>
  <CompilerOptions>
<<<<<<< HEAD
<<<<<<< HEAD
<<<<<<< HEAD
<<<<<<< HEAD
<<<<<<< HEAD
    <Version Value="11"/>
=======
    <Version Value="9"/>
>>>>>>> graemeg/cpstrnew
=======
    <Version Value="9"/>
>>>>>>> graemeg/cpstrnew
=======
    <Version Value="9"/>
>>>>>>> graemeg/cpstrnew
=======
    <Version Value="9"/>
>>>>>>> origin/cpstrnew
=======
    <Version Value="9"/>
>>>>>>> origin/cpstrnew
    <PathDelim Value="\"/>
    <Target>
      <Filename Value="i386\pp"/>
    </Target>
    <SearchPaths>
      <IncludeFiles Value="i386"/>
      <OtherUnitFiles Value="i386;x86;systems"/>
      <UnitOutputDirectory Value="i386\lazbuild"/>
    </SearchPaths>
    <Parsing>
      <SyntaxOptions>
        <CStyleOperator Value="False"/>
        <AllowLabel Value="False"/>
        <CPPInline Value="False"/>
        <UseAnsiStrings Value="False"/>
      </SyntaxOptions>
    </Parsing>
    <Other>
      <Verbosity>
        <ShowWarn Value="False"/>
        <ShowNotes Value="False"/>
        <ShowHints Value="False"/>
      </Verbosity>
      <ConfigFile>
        <StopAfterErrCount Value="50"/>
      </ConfigFile>
      <CompilerMessages>
        <UseMsgFile Value="True"/>
      </CompilerMessages>
      <CustomOptions Value="-di386"/>
      <CompilerPath Value="$(CompPath)"/>
    </Other>
  </CompilerOptions>
</CONFIG>
