<?xml version="1.0"?>
<CONFIG>
  <ProjectOptions>
<<<<<<< HEAD
    <Version Value="9"/>
    <PathDelim Value="\"/>
=======
    <PathDelim Value="\"/>
    <Version Value="5"/>
>>>>>>> graemeg/fixes_2_2
    <General>
      <Flags>
        <MainUnitHasUsesSectionForAllUnits Value="False"/>
        <MainUnitHasCreateFormStatements Value="False"/>
        <MainUnitHasTitleStatement Value="False"/>
<<<<<<< HEAD
        <LRSInOutputDirectory Value="False"/>
      </Flags>
      <SessionStorage Value="InProjectDir"/>
      <MainUnit Value="0"/>
      <Title Value="ppcsparc"/>
    </General>
    <BuildModes Count="1">
      <Item1 Name="default" Default="True"/>
    </BuildModes>
=======
      </Flags>
      <SessionStorage Value="InProjectDir"/>
      <MainUnit Value="0"/>
      <IconPath Value="./"/>
      <TargetFileExt Value=".exe"/>
      <Title Value="pp"/>
    </General>
>>>>>>> graemeg/fixes_2_2
    <PublishOptions>
      <Version Value="2"/>
      <IncludeFileFilter Value="*.(pas|pp|inc|lfm|lpr|lrs|lpi|lpk|sh|xml)"/>
      <ExcludeFileFilter Value="*.(bak|ppu|ppw|o|so);*~;backup"/>
    </PublishOptions>
    <RunParams>
      <local>
        <FormatVersion Value="1"/>
        <LaunchingApplication PathPlusParams="/usr/X11R6/bin/xterm -T 'Lazarus Run Output' -e $(LazarusDir)/tools/runwait.sh $(TargetCmdLine)"/>
      </local>
    </RunParams>
    <Units Count="2">
      <Unit0>
        <Filename Value="pp.pas"/>
        <IsPartOfProject Value="True"/>
        <UnitName Value="pp"/>
      </Unit0>
      <Unit1>
        <Filename Value="sparc\aasmcpu.pas"/>
        <IsPartOfProject Value="True"/>
        <UnitName Value="aasmcpu"/>
      </Unit1>
    </Units>
  </ProjectOptions>
  <CompilerOptions>
<<<<<<< HEAD
    <Version Value="11"/>
=======
    <Version Value="5"/>
>>>>>>> graemeg/fixes_2_2
    <PathDelim Value="\"/>
    <Target>
      <Filename Value="sparc\pp"/>
    </Target>
    <SearchPaths>
<<<<<<< HEAD
      <IncludeFiles Value="sparc"/>
      <OtherUnitFiles Value="sparc;systems"/>
=======
      <IncludeFiles Value="sparc\"/>
      <OtherUnitFiles Value="sparc\;systems\"/>
>>>>>>> graemeg/fixes_2_2
      <UnitOutputDirectory Value="sparc\lazbuild"/>
    </SearchPaths>
    <Parsing>
      <SyntaxOptions>
<<<<<<< HEAD
        <CStyleOperator Value="False"/>
        <AllowLabel Value="False"/>
        <CPPInline Value="False"/>
        <UseAnsiStrings Value="False"/>
      </SyntaxOptions>
    </Parsing>
=======
        <D2Extensions Value="False"/>
        <CStyleOperator Value="False"/>
        <AllowLabel Value="False"/>
        <CPPInline Value="False"/>
      </SyntaxOptions>
    </Parsing>
    <Linking>
      <Debugging>
        <GenerateDebugInfo Value="True"/>
      </Debugging>
    </Linking>
>>>>>>> graemeg/fixes_2_2
    <Other>
      <Verbosity>
        <ShowWarn Value="False"/>
        <ShowNotes Value="False"/>
        <ShowHints Value="False"/>
      </Verbosity>
      <ConfigFile>
        <StopAfterErrCount Value="50"/>
      </ConfigFile>
<<<<<<< HEAD
      <CustomOptions Value="-dsparc"/>
=======
      <CustomOptions Value="-dsparc
"/>
>>>>>>> graemeg/fixes_2_2
      <CompilerPath Value="$(CompPath)"/>
    </Other>
  </CompilerOptions>
</CONFIG>
